// !$*UTF8*$!
{
	archiveVersion = 1;
	classes = {
	};
	objectVersion = 50;
	objects = {

/* Begin PBXBuildFile section */
		4B89050826EDFF0700BF7DA3 /* AppDelegate.swift in Sources */ = {isa = PBXBuildFile; fileRef = 4B89050726EDFF0700BF7DA3 /* AppDelegate.swift */; };
		4B89050A26EDFF0700BF7DA3 /* SceneDelegate.swift in Sources */ = {isa = PBXBuildFile; fileRef = 4B89050926EDFF0700BF7DA3 /* SceneDelegate.swift */; };
		4B89050C26EDFF0700BF7DA3 /* ViewController.swift in Sources */ = {isa = PBXBuildFile; fileRef = 4B89050B26EDFF0700BF7DA3 /* ViewController.swift */; };
		4B89050F26EDFF0700BF7DA3 /* Main.storyboard in Resources */ = {isa = PBXBuildFile; fileRef = 4B89050D26EDFF0700BF7DA3 /* Main.storyboard */; };
		4B89051226EDFF0700BF7DA3 /* favqstest.xcdatamodeld in Sources */ = {isa = PBXBuildFile; fileRef = 4B89051026EDFF0700BF7DA3 /* favqstest.xcdatamodeld */; };
		4B89051426EDFF0900BF7DA3 /* Assets.xcassets in Resources */ = {isa = PBXBuildFile; fileRef = 4B89051326EDFF0900BF7DA3 /* Assets.xcassets */; };
		4B89051726EDFF0900BF7DA3 /* LaunchScreen.storyboard in Resources */ = {isa = PBXBuildFile; fileRef = 4B89051526EDFF0900BF7DA3 /* LaunchScreen.storyboard */; };
		A2B00B26D137BF000171FA4C /* Pods_favqstest.framework in Frameworks */ = {isa = PBXBuildFile; fileRef = 05760B1DC555349E30824E2F /* Pods_favqstest.framework */; };
/* End PBXBuildFile section */

/* Begin PBXFileReference section */
		05760B1DC555349E30824E2F /* Pods_favqstest.framework */ = {isa = PBXFileReference; explicitFileType = wrapper.framework; includeInIndex = 0; path = Pods_favqstest.framework; sourceTree = BUILT_PRODUCTS_DIR; };
		4B89050426EDFF0700BF7DA3 /* favqstest.app */ = {isa = PBXFileReference; explicitFileType = wrapper.application; includeInIndex = 0; path = favqstest.app; sourceTree = BUILT_PRODUCTS_DIR; };
		4B89050726EDFF0700BF7DA3 /* AppDelegate.swift */ = {isa = PBXFileReference; lastKnownFileType = sourcecode.swift; path = AppDelegate.swift; sourceTree = "<group>"; };
		4B89050926EDFF0700BF7DA3 /* SceneDelegate.swift */ = {isa = PBXFileReference; lastKnownFileType = sourcecode.swift; path = SceneDelegate.swift; sourceTree = "<group>"; };
		4B89050B26EDFF0700BF7DA3 /* ViewController.swift */ = {isa = PBXFileReference; lastKnownFileType = sourcecode.swift; path = ViewController.swift; sourceTree = "<group>"; };
		4B89050E26EDFF0700BF7DA3 /* Base */ = {isa = PBXFileReference; lastKnownFileType = file.storyboard; name = Base; path = Base.lproj/Main.storyboard; sourceTree = "<group>"; };
		4B89051126EDFF0700BF7DA3 /* favqstest.xcdatamodel */ = {isa = PBXFileReference; lastKnownFileType = wrapper.xcdatamodel; path = favqstest.xcdatamodel; sourceTree = "<group>"; };
		4B89051326EDFF0900BF7DA3 /* Assets.xcassets */ = {isa = PBXFileReference; lastKnownFileType = folder.assetcatalog; path = Assets.xcassets; sourceTree = "<group>"; };
		4B89051626EDFF0900BF7DA3 /* Base */ = {isa = PBXFileReference; lastKnownFileType = file.storyboard; name = Base; path = Base.lproj/LaunchScreen.storyboard; sourceTree = "<group>"; };
		4B89051826EDFF0900BF7DA3 /* Info.plist */ = {isa = PBXFileReference; lastKnownFileType = text.plist.xml; path = Info.plist; sourceTree = "<group>"; };
		5DE07CC8D8DE1D3D6DA405C1 /* Pods-favqstest.debug.xcconfig */ = {isa = PBXFileReference; includeInIndex = 1; lastKnownFileType = text.xcconfig; name = "Pods-favqstest.debug.xcconfig"; path = "Target Support Files/Pods-favqstest/Pods-favqstest.debug.xcconfig"; sourceTree = "<group>"; };
		73829D3866255ADF9B8F712E /* Pods-favqstest.release.xcconfig */ = {isa = PBXFileReference; includeInIndex = 1; lastKnownFileType = text.xcconfig; name = "Pods-favqstest.release.xcconfig"; path = "Target Support Files/Pods-favqstest/Pods-favqstest.release.xcconfig"; sourceTree = "<group>"; };
/* End PBXFileReference section */

/* Begin PBXFrameworksBuildPhase section */
		4B89050126EDFF0700BF7DA3 /* Frameworks */ = {
			isa = PBXFrameworksBuildPhase;
			buildActionMask = 2147483647;
			files = (
				A2B00B26D137BF000171FA4C /* Pods_favqstest.framework in Frameworks */,
			);
			runOnlyForDeploymentPostprocessing = 0;
		};
/* End PBXFrameworksBuildPhase section */

/* Begin PBXGroup section */
		4B8904FB26EDFF0700BF7DA3 = {
			isa = PBXGroup;
			children = (
				4B89050626EDFF0700BF7DA3 /* favqstest */,
				4B89050526EDFF0700BF7DA3 /* Products */,
				CA1AB7D27ECADD33B0C57362 /* Pods */,
				EE2344153414EB552AE4789F /* Frameworks */,
			);
			sourceTree = "<group>";
		};
		4B89050526EDFF0700BF7DA3 /* Products */ = {
			isa = PBXGroup;
			children = (
				4B89050426EDFF0700BF7DA3 /* favqstest.app */,
			);
			name = Products;
			sourceTree = "<group>";
		};
		4B89050626EDFF0700BF7DA3 /* favqstest */ = {
			isa = PBXGroup;
			children = (
				4B89051826EDFF0900BF7DA3 /* Info.plist */,
				4B89050726EDFF0700BF7DA3 /* AppDelegate.swift */,
				4B89050926EDFF0700BF7DA3 /* SceneDelegate.swift */,
				4B89051E26EDFF6A00BF7DA3 /* App */,
				4B89052326EDFF9A00BF7DA3 /* Interface */,
				4B89052226EDFF9500BF7DA3 /* Models */,
				4B89052126EDFF8D00BF7DA3 /* Services */,
				4B89052026EDFF8700BF7DA3 /* Ressources */,
				4B89051F26EDFF7D00BF7DA3 /* Utils */,
			);
			path = favqstest;
			sourceTree = "<group>";
		};
		4B89051E26EDFF6A00BF7DA3 /* App */ = {
			isa = PBXGroup;
			children = (
			);
			path = App;
			sourceTree = "<group>";
		};
		4B89051F26EDFF7D00BF7DA3 /* Utils */ = {
			isa = PBXGroup;
			children = (
			);
			path = Utils;
			sourceTree = "<group>";
		};
		4B89052026EDFF8700BF7DA3 /* Ressources */ = {
			isa = PBXGroup;
			children = (
				4B89051326EDFF0900BF7DA3 /* Assets.xcassets */,
			);
			path = Ressources;
			sourceTree = "<group>";
		};
		4B89052126EDFF8D00BF7DA3 /* Services */ = {
			isa = PBXGroup;
			children = (
			);
			path = Services;
			sourceTree = "<group>";
		};
		4B89052226EDFF9500BF7DA3 /* Models */ = {
			isa = PBXGroup;
			children = (
				4B89051026EDFF0700BF7DA3 /* favqstest.xcdatamodeld */,
			);
			path = Models;
			sourceTree = "<group>";
		};
		4B89052326EDFF9A00BF7DA3 /* Interface */ = {
			isa = PBXGroup;
			children = (
				4B89051526EDFF0900BF7DA3 /* LaunchScreen.storyboard */,
				4B89050D26EDFF0700BF7DA3 /* Main.storyboard */,
				4B89050B26EDFF0700BF7DA3 /* ViewController.swift */,
			);
			path = Interface;
			sourceTree = "<group>";
		};
		CA1AB7D27ECADD33B0C57362 /* Pods */ = {
			isa = PBXGroup;
			children = (
				5DE07CC8D8DE1D3D6DA405C1 /* Pods-favqstest.debug.xcconfig */,
				73829D3866255ADF9B8F712E /* Pods-favqstest.release.xcconfig */,
			);
			name = Pods;
			path = Pods;
			sourceTree = "<group>";
		};
		EE2344153414EB552AE4789F /* Frameworks */ = {
			isa = PBXGroup;
			children = (
				05760B1DC555349E30824E2F /* Pods_favqstest.framework */,
			);
			name = Frameworks;
			sourceTree = "<group>";
		};
/* End PBXGroup section */

/* Begin PBXNativeTarget section */
		4B89050326EDFF0700BF7DA3 /* favqstest */ = {
			isa = PBXNativeTarget;
			buildConfigurationList = 4B89051B26EDFF0900BF7DA3 /* Build configuration list for PBXNativeTarget "favqstest" */;
			buildPhases = (
				F19AC7543B76B7740CD53840 /* [CP] Check Pods Manifest.lock */,
				4B89050026EDFF0700BF7DA3 /* Sources */,
				4B89050126EDFF0700BF7DA3 /* Frameworks */,
				4B89050226EDFF0700BF7DA3 /* Resources */,
				063BCF9697DC5705081A2106 /* [CP] Embed Pods Frameworks */,
			);
			buildRules = (
			);
			dependencies = (
			);
			name = favqstest;
			productName = favqstest;
			productReference = 4B89050426EDFF0700BF7DA3 /* favqstest.app */;
			productType = "com.apple.product-type.application";
		};
/* End PBXNativeTarget section */

/* Begin PBXProject section */
		4B8904FC26EDFF0700BF7DA3 /* Project object */ = {
			isa = PBXProject;
			attributes = {
				LastSwiftUpdateCheck = 1250;
				LastUpgradeCheck = 1250;
				TargetAttributes = {
					4B89050326EDFF0700BF7DA3 = {
						CreatedOnToolsVersion = 12.5.1;
					};
				};
			};
			buildConfigurationList = 4B8904FF26EDFF0700BF7DA3 /* Build configuration list for PBXProject "favqstest" */;
			compatibilityVersion = "Xcode 9.3";
			developmentRegion = en;
			hasScannedForEncodings = 0;
			knownRegions = (
				en,
				Base,
			);
			mainGroup = 4B8904FB26EDFF0700BF7DA3;
			productRefGroup = 4B89050526EDFF0700BF7DA3 /* Products */;
			projectDirPath = "";
			projectRoot = "";
			targets = (
				4B89050326EDFF0700BF7DA3 /* favqstest */,
			);
		};
/* End PBXProject section */

/* Begin PBXResourcesBuildPhase section */
		4B89050226EDFF0700BF7DA3 /* Resources */ = {
			isa = PBXResourcesBuildPhase;
			buildActionMask = 2147483647;
			files = (
				4B89051726EDFF0900BF7DA3 /* LaunchScreen.storyboard in Resources */,
				4B89051426EDFF0900BF7DA3 /* Assets.xcassets in Resources */,
				4B89050F26EDFF0700BF7DA3 /* Main.storyboard in Resources */,
			);
			runOnlyForDeploymentPostprocessing = 0;
		};
/* End PBXResourcesBuildPhase section */

/* Begin PBXShellScriptBuildPhase section */
		063BCF9697DC5705081A2106 /* [CP] Embed Pods Frameworks */ = {
			isa = PBXShellScriptBuildPhase;
			buildActionMask = 2147483647;
			files = (
			);
			inputFileListPaths = (
				"${PODS_ROOT}/Target Support Files/Pods-favqstest/Pods-favqstest-frameworks-${CONFIGURATION}-input-files.xcfilelist",
			);
			name = "[CP] Embed Pods Frameworks";
			outputFileListPaths = (
				"${PODS_ROOT}/Target Support Files/Pods-favqstest/Pods-favqstest-frameworks-${CONFIGURATION}-output-files.xcfilelist",
			);
			runOnlyForDeploymentPostprocessing = 0;
			shellPath = /bin/sh;
			shellScript = "\"${PODS_ROOT}/Target Support Files/Pods-favqstest/Pods-favqstest-frameworks.sh\"\n";
			showEnvVarsInLog = 0;
		};
		F19AC7543B76B7740CD53840 /* [CP] Check Pods Manifest.lock */ = {
			isa = PBXShellScriptBuildPhase;
			buildActionMask = 2147483647;
			files = (
			);
			inputFileListPaths = (
			);
			inputPaths = (
				"${PODS_PODFILE_DIR_PATH}/Podfile.lock",
				"${PODS_ROOT}/Manifest.lock",
			);
			name = "[CP] Check Pods Manifest.lock";
			outputFileListPaths = (
			);
			outputPaths = (
				"$(DERIVED_FILE_DIR)/Pods-favqstest-checkManifestLockResult.txt",
			);
			runOnlyForDeploymentPostprocessing = 0;
			shellPath = /bin/sh;
			shellScript = "diff \"${PODS_PODFILE_DIR_PATH}/Podfile.lock\" \"${PODS_ROOT}/Manifest.lock\" > /dev/null\nif [ $? != 0 ] ; then\n    # print error to STDERR\n    echo \"error: The sandbox is not in sync with the Podfile.lock. Run 'pod install' or update your CocoaPods installation.\" >&2\n    exit 1\nfi\n# This output is used by Xcode 'outputs' to avoid re-running this script phase.\necho \"SUCCESS\" > \"${SCRIPT_OUTPUT_FILE_0}\"\n";
			showEnvVarsInLog = 0;
		};
/* End PBXShellScriptBuildPhase section */

/* Begin PBXSourcesBuildPhase section */
		4B89050026EDFF0700BF7DA3 /* Sources */ = {
			isa = PBXSourcesBuildPhase;
			buildActionMask = 2147483647;
			files = (
				4B89050C26EDFF0700BF7DA3 /* ViewController.swift in Sources */,
				4B89050826EDFF0700BF7DA3 /* AppDelegate.swift in Sources */,
				4B89050A26EDFF0700BF7DA3 /* SceneDelegate.swift in Sources */,
				4B89051226EDFF0700BF7DA3 /* favqstest.xcdatamodeld in Sources */,
			);
			runOnlyForDeploymentPostprocessing = 0;
		};
/* End PBXSourcesBuildPhase section */

/* Begin PBXVariantGroup section */
		4B89050D26EDFF0700BF7DA3 /* Main.storyboard */ = {
			isa = PBXVariantGroup;
			children = (
				4B89050E26EDFF0700BF7DA3 /* Base */,
			);
			name = Main.storyboard;
			sourceTree = "<group>";
		};
		4B89051526EDFF0900BF7DA3 /* LaunchScreen.storyboard */ = {
			isa = PBXVariantGroup;
			children = (
				4B89051626EDFF0900BF7DA3 /* Base */,
			);
			name = LaunchScreen.storyboard;
			sourceTree = "<group>";
		};
/* End PBXVariantGroup section */

/* Begin XCBuildConfiguration section */
		4B89051926EDFF0900BF7DA3 /* Debug */ = {
			isa = XCBuildConfiguration;
			buildSettings = {
				ALWAYS_SEARCH_USER_PATHS = NO;
				CLANG_ANALYZER_NONNULL = YES;
				CLANG_ANALYZER_NUMBER_OBJECT_CONVERSION = YES_AGGRESSIVE;
				CLANG_CXX_LANGUAGE_STANDARD = "gnu++14";
				CLANG_CXX_LIBRARY = "libc++";
				CLANG_ENABLE_MODULES = YES;
				CLANG_ENABLE_OBJC_ARC = YES;
				CLANG_ENABLE_OBJC_WEAK = YES;
				CLANG_WARN_BLOCK_CAPTURE_AUTORELEASING = YES;
				CLANG_WARN_BOOL_CONVERSION = YES;
				CLANG_WARN_COMMA = YES;
				CLANG_WARN_CONSTANT_CONVERSION = YES;
				CLANG_WARN_DEPRECATED_OBJC_IMPLEMENTATIONS = YES;
				CLANG_WARN_DIRECT_OBJC_ISA_USAGE = YES_ERROR;
				CLANG_WARN_DOCUMENTATION_COMMENTS = YES;
				CLANG_WARN_EMPTY_BODY = YES;
				CLANG_WARN_ENUM_CONVERSION = YES;
				CLANG_WARN_INFINITE_RECURSION = YES;
				CLANG_WARN_INT_CONVERSION = YES;
				CLANG_WARN_NON_LITERAL_NULL_CONVERSION = YES;
				CLANG_WARN_OBJC_IMPLICIT_RETAIN_SELF = YES;
				CLANG_WARN_OBJC_LITERAL_CONVERSION = YES;
				CLANG_WARN_OBJC_ROOT_CLASS = YES_ERROR;
				CLANG_WARN_QUOTED_INCLUDE_IN_FRAMEWORK_HEADER = YES;
				CLANG_WARN_RANGE_LOOP_ANALYSIS = YES;
				CLANG_WARN_STRICT_PROTOTYPES = YES;
				CLANG_WARN_SUSPICIOUS_MOVE = YES;
				CLANG_WARN_UNGUARDED_AVAILABILITY = YES_AGGRESSIVE;
				CLANG_WARN_UNREACHABLE_CODE = YES;
				CLANG_WARN__DUPLICATE_METHOD_MATCH = YES;
				COPY_PHASE_STRIP = NO;
				DEBUG_INFORMATION_FORMAT = dwarf;
				ENABLE_STRICT_OBJC_MSGSEND = YES;
				ENABLE_TESTABILITY = YES;
				GCC_C_LANGUAGE_STANDARD = gnu11;
				GCC_DYNAMIC_NO_PIC = NO;
				GCC_NO_COMMON_BLOCKS = YES;
				GCC_OPTIMIZATION_LEVEL = 0;
				GCC_PREPROCESSOR_DEFINITIONS = (
					"DEBUG=1",
					"$(inherited)",
				);
				GCC_WARN_64_TO_32_BIT_CONVERSION = YES;
				GCC_WARN_ABOUT_RETURN_TYPE = YES_ERROR;
				GCC_WARN_UNDECLARED_SELECTOR = YES;
				GCC_WARN_UNINITIALIZED_AUTOS = YES_AGGRESSIVE;
				GCC_WARN_UNUSED_FUNCTION = YES;
				GCC_WARN_UNUSED_VARIABLE = YES;
				IPHONEOS_DEPLOYMENT_TARGET = 13.0;
				MTL_ENABLE_DEBUG_INFO = INCLUDE_SOURCE;
				MTL_FAST_MATH = YES;
				ONLY_ACTIVE_ARCH = YES;
				SDKROOT = iphoneos;
				SWIFT_ACTIVE_COMPILATION_CONDITIONS = DEBUG;
				SWIFT_OPTIMIZATION_LEVEL = "-Onone";
			};
			name = Debug;
		};
		4B89051A26EDFF0900BF7DA3 /* Release */ = {
			isa = XCBuildConfiguration;
			buildSettings = {
				ALWAYS_SEARCH_USER_PATHS = NO;
				CLANG_ANALYZER_NONNULL = YES;
				CLANG_ANALYZER_NUMBER_OBJECT_CONVERSION = YES_AGGRESSIVE;
				CLANG_CXX_LANGUAGE_STANDARD = "gnu++14";
				CLANG_CXX_LIBRARY = "libc++";
				CLANG_ENABLE_MODULES = YES;
				CLANG_ENABLE_OBJC_ARC = YES;
				CLANG_ENABLE_OBJC_WEAK = YES;
				CLANG_WARN_BLOCK_CAPTURE_AUTORELEASING = YES;
				CLANG_WARN_BOOL_CONVERSION = YES;
				CLANG_WARN_COMMA = YES;
				CLANG_WARN_CONSTANT_CONVERSION = YES;
				CLANG_WARN_DEPRECATED_OBJC_IMPLEMENTATIONS = YES;
				CLANG_WARN_DIRECT_OBJC_ISA_USAGE = YES_ERROR;
				CLANG_WARN_DOCUMENTATION_COMMENTS = YES;
				CLANG_WARN_EMPTY_BODY = YES;
				CLANG_WARN_ENUM_CONVERSION = YES;
				CLANG_WARN_INFINITE_RECURSION = YES;
				CLANG_WARN_INT_CONVERSION = YES;
				CLANG_WARN_NON_LITERAL_NULL_CONVERSION = YES;
				CLANG_WARN_OBJC_IMPLICIT_RETAIN_SELF = YES;
				CLANG_WARN_OBJC_LITERAL_CONVERSION = YES;
				CLANG_WARN_OBJC_ROOT_CLASS = YES_ERROR;
				CLANG_WARN_QUOTED_INCLUDE_IN_FRAMEWORK_HEADER = YES;
				CLANG_WARN_RANGE_LOOP_ANALYSIS = YES;
				CLANG_WARN_STRICT_PROTOTYPES = YES;
				CLANG_WARN_SUSPICIOUS_MOVE = YES;
				CLANG_WARN_UNGUARDED_AVAILABILITY = YES_AGGRESSIVE;
				CLANG_WARN_UNREACHABLE_CODE = YES;
				CLANG_WARN__DUPLICATE_METHOD_MATCH = YES;
				COPY_PHASE_STRIP = NO;
				DEBUG_INFORMATION_FORMAT = "dwarf-with-dsym";
				ENABLE_NS_ASSERTIONS = NO;
				ENABLE_STRICT_OBJC_MSGSEND = YES;
				GCC_C_LANGUAGE_STANDARD = gnu11;
				GCC_NO_COMMON_BLOCKS = YES;
				GCC_WARN_64_TO_32_BIT_CONVERSION = YES;
				GCC_WARN_ABOUT_RETURN_TYPE = YES_ERROR;
				GCC_WARN_UNDECLARED_SELECTOR = YES;
				GCC_WARN_UNINITIALIZED_AUTOS = YES_AGGRESSIVE;
				GCC_WARN_UNUSED_FUNCTION = YES;
				GCC_WARN_UNUSED_VARIABLE = YES;
				IPHONEOS_DEPLOYMENT_TARGET = 13.0;
				MTL_ENABLE_DEBUG_INFO = NO;
				MTL_FAST_MATH = YES;
				SDKROOT = iphoneos;
				SWIFT_COMPILATION_MODE = wholemodule;
				SWIFT_OPTIMIZATION_LEVEL = "-O";
				VALIDATE_PRODUCT = YES;
			};
			name = Release;
		};
		4B89051C26EDFF0900BF7DA3 /* Debug */ = {
			isa = XCBuildConfiguration;
			baseConfigurationReference = 5DE07CC8D8DE1D3D6DA405C1 /* Pods-favqstest.debug.xcconfig */;
			buildSettings = {
				ASSETCATALOG_COMPILER_APPICON_NAME = AppIcon;
				ASSETCATALOG_COMPILER_GLOBAL_ACCENT_COLOR_NAME = AccentColor;
				CODE_SIGN_STYLE = Automatic;
				DEVELOPMENT_TEAM = D2GNA559WV;
				"EXCLUDED_ARCHS[sdk=iphonesimulator*]" = arm64;
				INFOPLIST_FILE = favqstest/Info.plist;
				LD_RUNPATH_SEARCH_PATHS = (
					"$(inherited)",
					"@executable_path/Frameworks",
				);
				PRODUCT_BUNDLE_IDENTIFIER = com.vuphan.favqstest;
				PRODUCT_NAME = "$(TARGET_NAME)";
				SWIFT_VERSION = 5.0;
				TARGETED_DEVICE_FAMILY = "1,2";
			};
			name = Debug;
		};
		4B89051D26EDFF0900BF7DA3 /* Release */ = {
			isa = XCBuildConfiguration;
			baseConfigurationReference = 73829D3866255ADF9B8F712E /* Pods-favqstest.release.xcconfig */;
			buildSettings = {
				ASSETCATALOG_COMPILER_APPICON_NAME = AppIcon;
				ASSETCATALOG_COMPILER_GLOBAL_ACCENT_COLOR_NAME = AccentColor;
				CODE_SIGN_STYLE = Automatic;
				DEVELOPMENT_TEAM = D2GNA559WV;
				"EXCLUDED_ARCHS[sdk=iphonesimulator*]" = arm64;
				INFOPLIST_FILE = favqstest/Info.plist;
				LD_RUNPATH_SEARCH_PATHS = (
					"$(inherited)",
					"@executable_path/Frameworks",
				);
				PRODUCT_BUNDLE_IDENTIFIER = com.vuphan.favqstest;
				PRODUCT_NAME = "$(TARGET_NAME)";
				SWIFT_VERSION = 5.0;
				TARGETED_DEVICE_FAMILY = "1,2";
			};
			name = Release;
		};
/* End XCBuildConfiguration section */

/* Begin XCConfigurationList section */
		4B8904FF26EDFF0700BF7DA3 /* Build configuration list for PBXProject "favqstest" */ = {
			isa = XCConfigurationList;
			buildConfigurations = (
				4B89051926EDFF0900BF7DA3 /* Debug */,
				4B89051A26EDFF0900BF7DA3 /* Release */,
			);
			defaultConfigurationIsVisible = 0;
			defaultConfigurationName = Release;
		};
		4B89051B26EDFF0900BF7DA3 /* Build configuration list for PBXNativeTarget "favqstest" */ = {
			isa = XCConfigurationList;
			buildConfigurations = (
				4B89051C26EDFF0900BF7DA3 /* Debug */,
				4B89051D26EDFF0900BF7DA3 /* Release */,
			);
			defaultConfigurationIsVisible = 0;
			defaultConfigurationName = Release;
		};
/* End XCConfigurationList section */

/* Begin XCVersionGroup section */
		4B89051026EDFF0700BF7DA3 /* favqstest.xcdatamodeld */ = {
			isa = XCVersionGroup;
			children = (
				4B89051126EDFF0700BF7DA3 /* favqstest.xcdatamodel */,
			);
			currentVersion = 4B89051126EDFF0700BF7DA3 /* favqstest.xcdatamodel */;
			path = favqstest.xcdatamodeld;
			sourceTree = "<group>";
			versionGroupType = wrapper.xcdatamodel;
		};
/* End XCVersionGroup section */
	};
	rootObject = 4B8904FC26EDFF0700BF7DA3 /* Project object */;
}
